# THIS IS AN AUTOGENERATED FILE. DO NOT EDIT THIS FILE DIRECTLY.
# yarn lockfile v1


"@pinata/sdk@^1.1.11":
  version "1.1.11"
  resolved "https://registry.yarnpkg.com/@pinata/sdk/-/sdk-1.1.11.tgz#b89382de1ab13bc4d16389f1f5c3d45e7585981d"
  integrity sha512-KTY/F3lb69pYg6uU024cdUZ92Mzm27XUnW6TT3aEJp0r8TRtvyX/D03npA+D0H2PK66Rg7VDMq0byQ3YcTL/JQ==
  dependencies:
    axios "^0.18.1"
    base-path-converter "^1.0.2"
    form-data "^2.3.3"
    is-ipfs "^0.6.0"
    recursive-fs "^1.1.2"

abort-controller@^3.0.0:
  version "3.0.0"
  resolved "https://registry.yarnpkg.com/abort-controller/-/abort-controller-3.0.0.tgz#eaf54d53b62bae4138e809ca225c8439a6efb392"
  integrity sha512-h8lQ8tacZYnR3vNQTgibj+tODHI5/+l06Au2Pcriv/Gmet0eaj4TwWH41sO9wnHDiQsEj19q0drzdWdeAHtweg==
  dependencies:
    event-target-shim "^5.0.0"

any-signal@^1.1.0:
  version "1.2.0"
  resolved "https://registry.yarnpkg.com/any-signal/-/any-signal-1.2.0.tgz#d755f690896f3e75c4a07480f429a1ee7f8db3b4"
  integrity sha512-Cl08k4xItix3jvu4cxO/dt2rQ6iUAjO66pTyRMub+WL1VXeAyZydCpD8GqWTPKfdL28U0R0UucmQVsUsBnvCmQ==
  dependencies:
    abort-controller "^3.0.0"

asynckit@^0.4.0:
  version "0.4.0"
  resolved "https://registry.yarnpkg.com/asynckit/-/asynckit-0.4.0.tgz#c79ed97f7f34cb8f2ba1bc9790bcc366474b4b79"
  integrity sha1-x57Zf380y48robyXkLzDZkdLS3k=

at-least-node@^1.0.0:
  version "1.0.0"
  resolved "https://registry.yarnpkg.com/at-least-node/-/at-least-node-1.0.0.tgz#602cd4b46e844ad4effc92a8011a3c46e0238dc2"
  integrity sha512-+q/t7Ekv1EDY2l6Gda6LLiX14rU9TV20Wa3ofeQmwPFZbOMo9DXrLbOjFaaclkXKWidIaopwAObQDqwWtGUjqg==

axios@^0.18.1:
  version "0.18.1"
  resolved "https://registry.yarnpkg.com/axios/-/axios-0.18.1.tgz#ff3f0de2e7b5d180e757ad98000f1081b87bcea3"
  integrity sha512-0BfJq4NSfQXd+SkFdrvFbG7addhYSBA2mQwISr46pD6E5iqkWg02RAs8vyTT/j0RTnoYmeXauBuSv1qKwR179g==
  dependencies:
    follow-redirects "1.5.10"
    is-buffer "^2.0.2"

balanced-match@^1.0.0:
  version "1.0.0"
  resolved "https://registry.yarnpkg.com/balanced-match/-/balanced-match-1.0.0.tgz#89b4d199ab2bee49de164ea02b89ce462d71b767"
  integrity sha1-ibTRmasr7kneFk6gK4nORi1xt2c=

base-path-converter@^1.0.2:
  version "1.0.2"
  resolved "https://registry.yarnpkg.com/base-path-converter/-/base-path-converter-1.0.2.tgz#e80b4b4f31c7b1561e632158e00774b6f2f27978"
  integrity sha512-51R8JiuXadknn6ouVUteOhDpmI3G5u5GqjruL7bPJpfxUHVgosaO5uPAvRP4FeR4VyyH4sSvsN78Ci6ouoRYqQ==

base-x@^3.0.2, base-x@^3.0.8:
  version "3.0.8"
  resolved "https://registry.yarnpkg.com/base-x/-/base-x-3.0.8.tgz#1e1106c2537f0162e8b52474a557ebb09000018d"
  integrity sha512-Rl/1AWP4J/zRrk54hhlxH4drNxPJXYUaKffODVI53/dAsV4t9fBxyxYKAVPU1XBHxYwOWP9h9H0hM2MVw4YfJA==
  dependencies:
    safe-buffer "^5.0.1"

base64-js@^1.0.2:
  version "1.3.1"
  resolved "https://registry.yarnpkg.com/base64-js/-/base64-js-1.3.1.tgz#58ece8cb75dd07e71ed08c736abc5fac4dbf8df1"
  integrity sha512-mLQ4i2QO1ytvGWFWmcngKO//JXAQueZvwEKtjgQFM4jIK0kU+ytMfplL8j+n5mspOfjHwoAg+9yhb7BwAHm36g==

bignumber.js@^9.0.0:
  version "9.0.1"
  resolved "https://registry.yarnpkg.com/bignumber.js/-/bignumber.js-9.0.1.tgz#8d7ba124c882bfd8e43260c67475518d0689e4e5"
  integrity sha512-IdZR9mh6ahOBv/hYGiXyVuyCetmGJhtYkqLBpTStdhEGjegpPlUawydyaF3pbIOFynJTpllEs+NP+CS9jKFLjA==

bl@^4.0.0:
  version "4.0.3"
  resolved "https://registry.yarnpkg.com/bl/-/bl-4.0.3.tgz#12d6287adc29080e22a705e5764b2a9522cdc489"
  integrity sha512-fs4G6/Hu4/EE+F75J8DuN/0IpQqNjAdC7aEQv7Qt8MHGUH7Ckv2MwTEEeN9QehD0pfIDkMI1bkHYkKy7xHyKIg==
  dependencies:
    buffer "^5.5.0"
    inherits "^2.0.4"
    readable-stream "^3.4.0"

blakejs@^1.1.0:
  version "1.1.0"
  resolved "https://registry.yarnpkg.com/blakejs/-/blakejs-1.1.0.tgz#69df92ef953aa88ca51a32df6ab1c54a155fc7a5"
  integrity sha1-ad+S75U6qIylGjLfarHFShVfx6U=

borc@^2.1.2:
  version "2.1.2"
  resolved "https://registry.yarnpkg.com/borc/-/borc-2.1.2.tgz#6ce75e7da5ce711b963755117dd1b187f6f8cf19"
  integrity sha512-Sy9eoUi4OiKzq7VovMn246iTo17kzuyHJKomCfpWMlI6RpfN1gk95w7d7gH264nApVLg0HZfcpz62/g4VH1Y4w==
  dependencies:
    bignumber.js "^9.0.0"
    buffer "^5.5.0"
    commander "^2.15.0"
    ieee754 "^1.1.13"
    iso-url "~0.4.7"
    json-text-sequence "~0.1.0"
    readable-stream "^3.6.0"

brace-expansion@^1.1.7:
  version "1.1.11"
  resolved "https://registry.yarnpkg.com/brace-expansion/-/brace-expansion-1.1.11.tgz#3c7fcbf529d87226f3d2f52b966ff5271eb441dd"
  integrity sha512-iCuPHDFgrHX7H2vEI/5xpz07zSHB00TpugqhmYtVmMO6518mCuRMoOYFldEBl0g187ufozdaHgWKcYFb61qGiA==
  dependencies:
    balanced-match "^1.0.0"
    concat-map "0.0.1"

bs58@^4.0.1:
  version "4.0.1"
  resolved "https://registry.yarnpkg.com/bs58/-/bs58-4.0.1.tgz#be161e76c354f6f788ae4071f63f34e8c4f0a42a"
  integrity sha1-vhYedsNU9veIrkBx9j806MTwpCo=
  dependencies:
    base-x "^3.0.2"

buffer@^5.4.2, buffer@^5.4.3, buffer@^5.5.0, buffer@^5.6.0:
  version "5.6.0"
  resolved "https://registry.yarnpkg.com/buffer/-/buffer-5.6.0.tgz#a31749dc7d81d84db08abf937b6b8c4033f62786"
  integrity sha512-/gDYp/UtU0eA1ys8bOs9J6a+E/KWIY+DZ+Q2WESNUA0jFRsJOc0SNUO6xJ5SGA1xueg3NL65W6s+NY5l9cunuw==
  dependencies:
    base64-js "^1.0.2"
    ieee754 "^1.1.4"

cids@^0.8.0, cids@~0.8.0:
  version "0.8.3"
  resolved "https://registry.yarnpkg.com/cids/-/cids-0.8.3.tgz#aaf48ac8ed857c3d37dad94d8db1d8c9407b92db"
  integrity sha512-yoXTbV3llpm+EBGWKeL9xKtksPE/s6DPoDSY4fn8I8TEW1zehWXPSB0pwAXVDlLaOlrw+sNynj995uD9abmPhA==
  dependencies:
    buffer "^5.6.0"
    class-is "^1.1.0"
    multibase "^1.0.0"
    multicodec "^1.0.1"
    multihashes "^1.0.1"

cids@~0.7.0:
  version "0.7.5"
  resolved "https://registry.yarnpkg.com/cids/-/cids-0.7.5.tgz#60a08138a99bfb69b6be4ceb63bfef7a396b28b2"
  integrity sha512-zT7mPeghoWAu+ppn8+BS1tQ5qGmbMfB4AregnQjA/qHY3GC1m1ptI9GkWNlgeu38r7CuRdXB47uY2XgAYt6QVA==
  dependencies:
    buffer "^5.5.0"
    class-is "^1.1.0"
    multibase "~0.6.0"
    multicodec "^1.0.0"
    multihashes "~0.4.15"

class-is@^1.1.0:
  version "1.1.0"
  resolved "https://registry.yarnpkg.com/class-is/-/class-is-1.1.0.tgz#9d3c0fba0440d211d843cec3dedfa48055005825"
  integrity sha512-rhjH9AG1fvabIDoGRVH587413LPjTZgmDF9fOFCbFJQV4yuocX1mHxxvXI4g3cGwbVY9wAYIoKlg1N79frJKQw==

combined-stream@^1.0.6, combined-stream@^1.0.8:
  version "1.0.8"
  resolved "https://registry.yarnpkg.com/combined-stream/-/combined-stream-1.0.8.tgz#c3d45a8b34fd730631a110a8a2520682b31d5a7f"
  integrity sha512-FQN4MRfuJeHf7cBbBMJFXhKSDq+2kAArBlmRBvcvFE5BB1HZKXtSFASDhdlz9zOYwxh8lDdnvmMOe/+5cdoEdg==
  dependencies:
    delayed-stream "~1.0.0"

commander@^2.15.0:
  version "2.20.3"
  resolved "https://registry.yarnpkg.com/commander/-/commander-2.20.3.tgz#fd485e84c03eb4881c20722ba48035e8531aeb33"
  integrity sha512-GpVkmM8vF2vQUkj2LvZmD35JxeJOLCwJ9cUkugyk2nuhbv3+mJvpLYYt+0+USMxE+oj+ey/lJEnhZw75x/OMcQ==

concat-map@0.0.1:
  version "0.0.1"
  resolved "https://registry.yarnpkg.com/concat-map/-/concat-map-0.0.1.tgz#d8a96bd77fd68df7793a73036a3ba0d5405d477b"
  integrity sha1-2Klr13/Wjfd5OnMDajug1UBdR3s=

debug@=3.1.0:
  version "3.1.0"
  resolved "https://registry.yarnpkg.com/debug/-/debug-3.1.0.tgz#5bb5a0672628b64149566ba16819e61518c67261"
  integrity sha512-OX8XqP7/1a9cqkxYw2yXss15f26NKWBpDXQd0/uK/KPqdQhxbPa994hnzjcE2VqQpDslf55723cKPUOGSmMY3g==
  dependencies:
    ms "2.0.0"

debug@^4.1.0:
  version "4.2.0"
  resolved "https://registry.yarnpkg.com/debug/-/debug-4.2.0.tgz#7f150f93920e94c58f5574c2fd01a3110effe7f1"
  integrity sha512-IX2ncY78vDTjZMFUdmsvIRFY2Cf4FnD0wRs+nQwJU8Lu99/tPFdb0VybiiMTPe3I6rQmwsqQqRBvxU+bZ/I8sg==
  dependencies:
    ms "2.1.2"

delayed-stream@~1.0.0:
  version "1.0.0"
  resolved "https://registry.yarnpkg.com/delayed-stream/-/delayed-stream-1.0.0.tgz#df3ae199acadfb7d440aaae0b29e2272b24ec619"
  integrity sha1-3zrhmayt+31ECqrgsp4icrJOxhk=

delimit-stream@0.1.0:
  version "0.1.0"
  resolved "https://registry.yarnpkg.com/delimit-stream/-/delimit-stream-0.1.0.tgz#9b8319477c0e5f8aeb3ce357ae305fc25ea1cd2b"
  integrity sha1-m4MZR3wOX4rrPONXrjBfwl6hzSs=

dotenv@^8.2.0:
  version "8.2.0"
  resolved "https://registry.yarnpkg.com/dotenv/-/dotenv-8.2.0.tgz#97e619259ada750eea3e4ea3e26bceea5424b16a"
  integrity sha512-8sJ78ElpbDJBHNeBzUbUVLsqKdccaa/BXF1uPTw3GrvQTBgrQrtObr2mUrE38vzYd8cEv+m/JBfDLioYcfXoaw==

err-code@^2.0.0:
  version "2.0.3"
  resolved "https://registry.yarnpkg.com/err-code/-/err-code-2.0.3.tgz#23c2f3b756ffdfc608d30e27c9a941024807e7f9"
  integrity sha512-2bmlRpNKBxT/CRmPOlyISQpNj+qSeYvcym/uT0Jx2bMOlKLtSy1ZmLuVxSEKKyor/N5yhvp/ZiG1oE3DEYMSFA==

event-target-shim@^5.0.0:
  version "5.0.1"
  resolved "https://registry.yarnpkg.com/event-target-shim/-/event-target-shim-5.0.1.tgz#5d4d3ebdf9583d63a5333ce2deb7480ab2b05789"
  integrity sha512-i/2XbnSz/uxRCU6+NdVJgKWDTM427+MqYbkQzD321DuCQJUqOuJKIA0IM2+W2xtYHdKOmZ4dR6fExsd4SXL+WQ==

fast-fifo@^1.0.0:
  version "1.0.0"
  resolved "https://registry.yarnpkg.com/fast-fifo/-/fast-fifo-1.0.0.tgz#9bc72e6860347bb045a876d1c5c0af11e9b984e7"
  integrity sha512-4VEXmjxLj7sbs8J//cn2qhRap50dGzF5n8fjay8mau+Jn4hxSeR3xPFwxMaQq/pDaq7+KQk0PAbC2+nWDkJrmQ==

follow-redirects@1.5.10:
  version "1.5.10"
  resolved "https://registry.yarnpkg.com/follow-redirects/-/follow-redirects-1.5.10.tgz#7b7a9f9aea2fdff36786a94ff643ed07f4ff5e2a"
  integrity sha512-0V5l4Cizzvqt5D44aTXbFZz+FtyXV1vrDN6qrelxtfYQKW0KO0W2T/hkE8xvGa/540LkZlkaUjO4ailYTFtHVQ==
  dependencies:
    debug "=3.1.0"

form-data@^2.3.3:
  version "2.5.1"
  resolved "https://registry.yarnpkg.com/form-data/-/form-data-2.5.1.tgz#f2cbec57b5e59e23716e128fe44d4e5dd23895f4"
  integrity sha512-m21N3WOmEEURgk6B9GLOE4RuWOFf28Lhh9qGYeNlGq4VDXUlJy2th2slBNU8Gp8EzloYZOibZJ7t5ecIrFSjVA==
  dependencies:
    asynckit "^0.4.0"
    combined-stream "^1.0.6"
    mime-types "^2.1.12"

form-data@^3.0.0:
  version "3.0.0"
  resolved "https://registry.yarnpkg.com/form-data/-/form-data-3.0.0.tgz#31b7e39c85f1355b7139ee0c647cf0de7f83c682"
  integrity sha512-CKMFDglpbMi6PyN+brwB9Q/GOw0eAnsrEZDgcsH5Krhz5Od/haKHAX0NmQfha2zPPz0JpWzA7GJHGSnvCRLWsg==
  dependencies:
    asynckit "^0.4.0"
    combined-stream "^1.0.8"
    mime-types "^2.1.12"

fs-extra@^8.1.0:
  version "8.1.0"
  resolved "https://registry.yarnpkg.com/fs-extra/-/fs-extra-8.1.0.tgz#49d43c45a88cd9677668cb7be1b46efdb8d2e1c0"
  integrity sha512-yhlQgA6mnOJUKOsRUFsgJdQCvkKhcz8tlZG5HBQfReYZy46OwLcY+Zia0mtdHsOo9y/hP+CxMN0TU9QxoOtG4g==
  dependencies:
    graceful-fs "^4.2.0"
    jsonfile "^4.0.0"
    universalify "^0.1.0"

fs-extra@^9.0.1:
  version "9.0.1"
  resolved "https://registry.yarnpkg.com/fs-extra/-/fs-extra-9.0.1.tgz#910da0062437ba4c39fedd863f1675ccfefcb9fc"
  integrity sha512-h2iAoN838FqAFJY2/qVpzFXy+EBxfVE220PalAqQLDVsFOHLJrZvut5puAbCdNv6WJk+B8ihI+k0c7JK5erwqQ==
  dependencies:
    at-least-node "^1.0.0"
    graceful-fs "^4.2.0"
    jsonfile "^6.0.1"
    universalify "^1.0.0"

get-iterator@^1.0.2:
  version "1.0.2"
  resolved "https://registry.yarnpkg.com/get-iterator/-/get-iterator-1.0.2.tgz#cd747c02b4c084461fac14f48f6b45a80ed25c82"
  integrity sha512-v+dm9bNVfOYsY1OrhaCrmyOcYoSeVvbt+hHZ0Au+T+p1y+0Uyj9aMaGIeUTT6xdpRbWzDeYKvfOslPhggQMcsg==

graceful-fs@^4.1.6, graceful-fs@^4.2.0:
  version "4.2.4"
  resolved "https://registry.yarnpkg.com/graceful-fs/-/graceful-fs-4.2.4.tgz#2256bde14d3632958c465ebc96dc467ca07a29fb"
  integrity sha512-WjKPNJF79dtJAVniUlGGWHYGz2jWxT6VhN/4m1NdkbZ2nOsEF+cI1Edgql5zCRhs/VsQYRvrXctxktVXZUkixw==

ieee754@^1.1.13, ieee754@^1.1.4:
  version "1.1.13"
  resolved "https://registry.yarnpkg.com/ieee754/-/ieee754-1.1.13.tgz#ec168558e95aa181fd87d37f55c32bbcb6708b84"
  integrity sha512-4vf7I2LYV/HaWerSo3XmlMkp5eZ83i+/CDluXi/IGTs/O1sejBNhTtnxzmRZfvOUqj7lZjqHkeTvpgSFDlWZTg==

inherits@^2.0.3, inherits@^2.0.4:
  version "2.0.4"
  resolved "https://registry.yarnpkg.com/inherits/-/inherits-2.0.4.tgz#0fa2c64f932917c3433a0ded55363aae37416b7c"
  integrity sha512-k/vGaX4/Yla3WzyMCvTQOXYeIHvqOKtnqBduzTHpzpQZzAskKMhZ2K+EnBiSM9zGSoIFeMpXKxa4dYeZIQqewQ==

ip-regex@^4.0.0:
  version "4.2.0"
  resolved "https://registry.yarnpkg.com/ip-regex/-/ip-regex-4.2.0.tgz#a03f5eb661d9a154e3973a03de8b23dd0ad6892e"
  integrity sha512-n5cDDeTWWRwK1EBoWwRti+8nP4NbytBBY0pldmnIkq6Z55KNFmWofh4rl9dPZpj+U/nVq7gweR3ylrvMt4YZ5A==

ipfs-block@^0.8.1:
  version "0.8.1"
  resolved "https://registry.yarnpkg.com/ipfs-block/-/ipfs-block-0.8.1.tgz#05e1068832775e8f1c2da5b64106cc837fd2acb9"
  integrity sha512-0FaCpmij+jZBoUYhjoB5ptjdl9QzvrdRIoBmUU5JiBnK2GA+4YM/ifklaB8ePRhA/rRzhd+KYBjvMFMAL4NrVQ==
  dependencies:
    cids "~0.7.0"
    class-is "^1.1.0"

ipfs-core-utils@^0.2.0:
  version "0.2.4"
  resolved "https://registry.yarnpkg.com/ipfs-core-utils/-/ipfs-core-utils-0.2.4.tgz#fcbcc774383eb44a4f870834b51f351898f73a8d"
  integrity sha512-Spj5xtmdKMAOsPSUEmiKxj5Oa6FLP5QJgdA5w2WGpaUKw9fTU0he+mtb5Fs/PZusbU9GWxYELVZ1f1TnemeVsA==
  dependencies:
    buffer "^5.6.0"
    err-code "^2.0.0"
    ipfs-utils "^2.2.2"

ipfs-http-client@44.0.1:
  version "44.0.1"
  resolved "https://registry.yarnpkg.com/ipfs-http-client/-/ipfs-http-client-44.0.1.tgz#6d09d82612c194ac876d9aad3a0e4c5d6552b4d4"
  integrity sha512-+QG9RdfB+tatxLoZCohVslDrFpmVK622fWbWwRPo5tQE/5ZAvXXxasgWuc1M3BvXkSIDvhFqf6lIdNawRfuMhA==
  dependencies:
    abort-controller "^3.0.0"
    bignumber.js "^9.0.0"
    bs58 "^4.0.1"
    buffer "^5.4.2"
    cids "^0.8.0"
    debug "^4.1.0"
    form-data "^3.0.0"
    ipfs-block "^0.8.1"
    ipfs-core-utils "^0.2.0"
    ipfs-utils "^2.2.0"
    ipld-dag-cbor "^0.15.1"
    ipld-dag-pb "^0.18.3"
    ipld-raw "^4.0.1"
    iso-url "^0.4.7"
    it-tar "^1.2.1"
    it-to-buffer "^1.0.0"
    it-to-stream "^0.1.1"
    merge-options "^2.0.0"
    multiaddr "^7.2.1"
    multiaddr-to-uri "^5.1.0"
    multibase "^0.7.0"
    multicodec "^1.0.0"
    multihashes "^0.4.14"
    nanoid "^3.0.2"
    node-fetch "^2.6.0"
    parse-duration "^0.1.2"
    stream-to-it "^0.2.0"

ipfs-utils@^2.2.0, ipfs-utils@^2.2.2:
  version "2.4.0"
  resolved "https://registry.yarnpkg.com/ipfs-utils/-/ipfs-utils-2.4.0.tgz#113db5f5625b1bf0411a6d6dbd5317dfff5287f9"
  integrity sha512-0RH8rMIEhrXyrbh87V8SQC6E6/5EJs+YionqZGAXnVoTzkpFhxC3x3FlsxwZ9s72yaieGP1Mx1tRYgfCFM/mJg==
  dependencies:
    abort-controller "^3.0.0"
    any-signal "^1.1.0"
    buffer "^5.6.0"
    err-code "^2.0.0"
    fs-extra "^9.0.1"
    is-electron "^2.2.0"
    iso-url "^0.4.7"
    it-glob "0.0.8"
    it-to-stream "^0.1.2"
    merge-options "^2.0.0"
    nanoid "^3.1.3"
    node-fetch "^2.6.0"
    stream-to-it "^0.2.0"

ipld-dag-cbor@^0.15.1:
  version "0.15.3"
  resolved "https://registry.yarnpkg.com/ipld-dag-cbor/-/ipld-dag-cbor-0.15.3.tgz#283afdb81d5b07db8e4fff7a10ef5e517e87f299"
  integrity sha512-m23nG7ZyoVFnkK55/bLAErc7EfiMgaEQlqHWDTGzPI+O5r6bPfp+qbL5zTVSIT8tpbHmu174dwerVtLoVgeVyA==
  dependencies:
    borc "^2.1.2"
    buffer "^5.5.0"
    cids "~0.8.0"
    is-circular "^1.0.2"
    multicodec "^1.0.0"
    multihashing-async "~0.8.0"

ipld-dag-pb@^0.18.3:
  version "0.18.5"
  resolved "https://registry.yarnpkg.com/ipld-dag-pb/-/ipld-dag-pb-0.18.5.tgz#29e736dcdab10a4dffbef9dec27723e2e56be962"
  integrity sha512-8IAPZrkRjgTpkxV9JOwXSBe0GXNxd4B2lubPgbifTGL92rZOEKWutpijsWsWvjXOltDFHKMQIIIhkgLC5RPqbA==
  dependencies:
    buffer "^5.6.0"
    cids "~0.8.0"
    class-is "^1.1.0"
    multicodec "^1.0.1"
    multihashing-async "~0.8.1"
    protons "^1.0.2"
    stable "^0.1.8"

ipld-raw@^4.0.1:
  version "4.0.1"
  resolved "https://registry.yarnpkg.com/ipld-raw/-/ipld-raw-4.0.1.tgz#49a6f58cdfece5a4d581925b19ee19255be2a29d"
  integrity sha512-WjIdtZ06jJEar8zh+BHB84tE6ZdbS/XNa7+XCArOYfmeJ/c01T9VQpeMwdJQYn5c3s5UvvCu7y4VIi3vk2g1bA==
  dependencies:
    cids "~0.7.0"
    multicodec "^1.0.0"
    multihashing-async "~0.8.0"

is-buffer@^2.0.2:
  version "2.0.4"
  resolved "https://registry.yarnpkg.com/is-buffer/-/is-buffer-2.0.4.tgz#3e572f23c8411a5cfd9557c849e3665e0b290623"
  integrity sha512-Kq1rokWXOPXWuaMAqZiJW4XxsmD9zGx9q4aePabbn3qCRGedtH7Cm+zV8WETitMfu1wdh+Rvd6w5egwSngUX2A==

is-circular@^1.0.2:
  version "1.0.2"
  resolved "https://registry.yarnpkg.com/is-circular/-/is-circular-1.0.2.tgz#2e0ab4e9835f4c6b0ea2b9855a84acd501b8366c"
  integrity sha512-YttjnrswnUYRVJvxCvu8z+PGMUSzC2JttP0OEXezlAEdp3EXzhf7IZ3j0gRAybJBQupedIZFhY61Tga6E0qASA==

is-electron@^2.2.0:
  version "2.2.0"
  resolved "https://registry.yarnpkg.com/is-electron/-/is-electron-2.2.0.tgz#8943084f09e8b731b3a7a0298a7b5d56f6b7eef0"
  integrity sha512-SpMppC2XR3YdxSzczXReBjqs2zGscWQpBIKqwXYBFic0ERaxNVgwLCHwOLZeESfdJQjX0RDvrJ1lBXX2ij+G1Q==

is-ip@^3.1.0:
  version "3.1.0"
  resolved "https://registry.yarnpkg.com/is-ip/-/is-ip-3.1.0.tgz#2ae5ddfafaf05cb8008a62093cf29734f657c5d8"
  integrity sha512-35vd5necO7IitFPjd/YBeqwWnyDWbuLH9ZXQdMfDA8TEo7pv5X8yfrvVO3xbJbLUlERCMvf6X0hTUamQxCYJ9Q==
  dependencies:
    ip-regex "^4.0.0"

is-ipfs@^0.6.0:
  version "0.6.3"
  resolved "https://registry.yarnpkg.com/is-ipfs/-/is-ipfs-0.6.3.tgz#82a5350e0a42d01441c40b369f8791e91404c497"
  integrity sha512-HyRot1dvLcxImtDqPxAaY1miO6WsiP/z7Yxpg2qpaLWv5UdhAPtLvHJ4kMLM0w8GSl8AFsVF23PHe1LzuWrUlQ==
  dependencies:
    bs58 "^4.0.1"
    cids "~0.7.0"
    mafmt "^7.0.0"
    multiaddr "^7.2.1"
    multibase "~0.6.0"
    multihashes "~0.4.13"

is-plain-obj@^2.0.0:
  version "2.1.0"
  resolved "https://registry.yarnpkg.com/is-plain-obj/-/is-plain-obj-2.1.0.tgz#45e42e37fccf1f40da8e5f76ee21515840c09287"
  integrity sha512-YWnfyRwxL/+SsrWYfOpUtz5b3YD+nyfkHvjbcanzk8zgyO4ASD67uVMRt8k5bM4lLMDnXfriRhOpemw+NfT1eA==

iso-constants@^0.1.2:
  version "0.1.2"
  resolved "https://registry.yarnpkg.com/iso-constants/-/iso-constants-0.1.2.tgz#3d2456ed5aeaa55d18564f285ba02a47a0d885b4"
  integrity sha512-OTCM5ZCQsHBCI4Wdu4tSxvDIkmDHd5EwJDps5mKqnQnWJSKlnwMs3EDZ4n3Fh1tmkWkDlyd2vCDbEYuPbyrUNQ==

iso-url@^0.4.7, iso-url@~0.4.7:
  version "0.4.7"
  resolved "https://registry.yarnpkg.com/iso-url/-/iso-url-0.4.7.tgz#de7e48120dae46921079fe78f325ac9e9217a385"
  integrity sha512-27fFRDnPAMnHGLq36bWTpKET+eiXct3ENlCcdcMdk+mjXrb2kw3mhBUg1B7ewAC0kVzlOPhADzQgz1SE6Tglog==

it-concat@^1.0.0:
  version "1.0.2"
  resolved "https://registry.yarnpkg.com/it-concat/-/it-concat-1.0.2.tgz#7229fedb935bcf7b2fcac23e040e7588b34143e6"
  integrity sha512-YZtXOe10qBcTDOsz59AscfmsKRoVPYX5AFxCans2L/QL20Jah1H1/+wzWDaJj8zu0KiA9gys3vBoZIZwhsUeeg==
  dependencies:
    bl "^4.0.0"

it-glob@0.0.8:
  version "0.0.8"
  resolved "https://registry.yarnpkg.com/it-glob/-/it-glob-0.0.8.tgz#b63d24945c18b35de8bb593a8c872fd0257c0cac"
  integrity sha512-PmIAgb64aJPM6wwT1UTlNDAJnNgdGrvr0vRr3AYCngcUuq1KaAovuz0dQAmUkaXudDG3EQzc7OttuLW9DaL3YQ==
  dependencies:
    fs-extra "^8.1.0"
    minimatch "^3.0.4"

it-reader@^2.0.0:
  version "2.1.0"
  resolved "https://registry.yarnpkg.com/it-reader/-/it-reader-2.1.0.tgz#b1164be343f8538d8775e10fb0339f61ccf71b0f"
  integrity sha512-hSysqWTO9Tlwc5EGjVf8JYZzw0D2FsxD/g+eNNWrez9zODxWt6QlN6JAMmycK72Mv4jHEKEXoyzUN4FYGmJaZw==
  dependencies:
    bl "^4.0.0"

it-tar@^1.2.1:
  version "1.2.2"
  resolved "https://registry.yarnpkg.com/it-tar/-/it-tar-1.2.2.tgz#8d79863dad27726c781a4bcc491f53c20f2866cf"
  integrity sha512-M8V4a9I+x/vwXTjqvixcEZbQZHjwDIb8iUQ+D4M2QbhAdNs3WKVSl+45u5/F2XFx6jYMFOGzMVlKNK/uONgNIA==
  dependencies:
    bl "^4.0.0"
    buffer "^5.4.3"
    iso-constants "^0.1.2"
    it-concat "^1.0.0"
    it-reader "^2.0.0"
    p-defer "^3.0.0"

it-to-buffer@^1.0.0:
  version "1.0.4"
  resolved "https://registry.yarnpkg.com/it-to-buffer/-/it-to-buffer-1.0.4.tgz#4fcbd34c9c503e607744c0fdbeaff30008429703"
  integrity sha512-wycpGeAdQ8WH8eSBkMHN/HMNiQ0Y88XEXo6s6LGJbQZjf9K7ppVzUfCXn7OnxFfUPN0HTWZr+uhthwtrwMTTfw==
  dependencies:
    buffer "^5.5.0"

it-to-stream@^0.1.1, it-to-stream@^0.1.2:
  version "0.1.2"
  resolved "https://registry.yarnpkg.com/it-to-stream/-/it-to-stream-0.1.2.tgz#7163151f75b60445e86b8ab1a968666acaacfe7b"
  integrity sha512-DTB5TJRZG3untmZehcaFN0kGWl2bNv7tnJRgQHAO9QEt8jfvVRrebZtnD5NZd4SCj4WVPjl0LSrugNWE/UaZRQ==
  dependencies:
    buffer "^5.6.0"
    fast-fifo "^1.0.0"
    get-iterator "^1.0.2"
    p-defer "^3.0.0"
    p-fifo "^1.0.0"
    readable-stream "^3.6.0"

js-sha3@^0.8.0:
  version "0.8.0"
  resolved "https://registry.yarnpkg.com/js-sha3/-/js-sha3-0.8.0.tgz#b9b7a5da73afad7dedd0f8c463954cbde6818840"
  integrity sha512-gF1cRrHhIzNfToc802P800N8PpXS+evLLXfsVpowqmAFR9uwbi89WvXg2QspOmXL8QL86J4T1EpFu+yUkwJY3Q==

json-text-sequence@~0.1.0:
  version "0.1.1"
  resolved "https://registry.yarnpkg.com/json-text-sequence/-/json-text-sequence-0.1.1.tgz#a72f217dc4afc4629fff5feb304dc1bd51a2f3d2"
  integrity sha1-py8hfcSvxGKf/1/rME3BvVGi89I=
  dependencies:
    delimit-stream "0.1.0"

jsonfile@^4.0.0:
  version "4.0.0"
  resolved "https://registry.yarnpkg.com/jsonfile/-/jsonfile-4.0.0.tgz#8771aae0799b64076b76640fca058f9c10e33ecb"
  integrity sha1-h3Gq4HmbZAdrdmQPygWPnBDjPss=
  optionalDependencies:
    graceful-fs "^4.1.6"

jsonfile@^6.0.1:
  version "6.0.1"
  resolved "https://registry.yarnpkg.com/jsonfile/-/jsonfile-6.0.1.tgz#98966cba214378c8c84b82e085907b40bf614179"
  integrity sha512-jR2b5v7d2vIOust+w3wtFKZIfpC2pnRmFAhAC/BuweZFQR8qZzxH1OyrQ10HmdVYiXWkYUqPVsz91cG7EL2FBg==
  dependencies:
    universalify "^1.0.0"
  optionalDependencies:
    graceful-fs "^4.1.6"

mafmt@^7.0.0:
  version "7.1.0"
  resolved "https://registry.yarnpkg.com/mafmt/-/mafmt-7.1.0.tgz#4126f6d0eded070ace7dbbb6fb04977412d380b5"
  integrity sha512-vpeo9S+hepT3k2h5iFxzEHvvR0GPBx9uKaErmnRzYNcaKb03DgOArjEMlgG4a9LcuZZ89a3I8xbeto487n26eA==
  dependencies:
    multiaddr "^7.3.0"

merge-options@^2.0.0:
  version "2.0.0"
  resolved "https://registry.yarnpkg.com/merge-options/-/merge-options-2.0.0.tgz#36ca5038badfc3974dbde5e58ba89d3df80882c3"
  integrity sha512-S7xYIeWHl2ZUKF7SDeBhGg6rfv5bKxVBdk95s/I7wVF8d+hjLSztJ/B271cnUiF6CAFduEQ5Zn3HYwAjT16DlQ==
  dependencies:
    is-plain-obj "^2.0.0"

mime-db@1.44.0:
  version "1.44.0"
  resolved "https://registry.yarnpkg.com/mime-db/-/mime-db-1.44.0.tgz#fa11c5eb0aca1334b4233cb4d52f10c5a6272f92"
  integrity sha512-/NOTfLrsPBVeH7YtFPgsVWveuL+4SjjYxaQ1xtM1KMFj7HdxlBlxeyNLzhyJVx7r4rZGJAZ/6lkKCitSc/Nmpg==

mime-types@^2.1.12:
  version "2.1.27"
  resolved "https://registry.yarnpkg.com/mime-types/-/mime-types-2.1.27.tgz#47949f98e279ea53119f5722e0f34e529bec009f"
  integrity sha512-JIhqnCasI9yD+SsmkquHBxTSEuZdQX5BuQnS2Vc7puQQQ+8yiP5AY5uWhpdv4YL4VM5c6iliiYWPgJ/nJQLp7w==
  dependencies:
    mime-db "1.44.0"

minimatch@^3.0.4:
  version "3.0.4"
  resolved "https://registry.yarnpkg.com/minimatch/-/minimatch-3.0.4.tgz#5166e286457f03306064be5497e8dbb0c3d32083"
  integrity sha512-yJHVQEhyqPLUTgt9B83PXu6W3rx4MvvHvSUvToogpwoGDOUQ+yDrR0HRot+yOCdCO7u4hX3pWft6kWBBcqh0UA==
  dependencies:
    brace-expansion "^1.1.7"

ms@2.0.0:
  version "2.0.0"
  resolved "https://registry.yarnpkg.com/ms/-/ms-2.0.0.tgz#5608aeadfc00be6c2901df5f9861788de0d597c8"
  integrity sha1-VgiurfwAvmwpAd9fmGF4jeDVl8g=

ms@2.1.2:
  version "2.1.2"
  resolved "https://registry.yarnpkg.com/ms/-/ms-2.1.2.tgz#d09d1f357b443f493382a8eb3ccd183872ae6009"
  integrity sha512-sGkPx+VjMtmA6MX27oA4FBFELFCZZ4S4XqeGOXCv68tT+jb3vk/RyaKWP0PTKyWtmLSM0b+adUTEvbs1PEaH2w==

multiaddr-to-uri@^5.1.0:
  version "5.1.0"
  resolved "https://registry.yarnpkg.com/multiaddr-to-uri/-/multiaddr-to-uri-5.1.0.tgz#879b55e4170db37cf05e1bce5831de70084933b9"
  integrity sha512-rIlMLkw3yk3RJmf2hxYYzeqPXz4Vx7C4M/hg7BVWhmksDW0rDVNMEyoVb0H1A+sh3deHOh5EAFK87XcW+mFimA==
  dependencies:
    multiaddr "^7.2.1"

multiaddr@^7.2.1, multiaddr@^7.3.0:
  version "7.5.0"
  resolved "https://registry.yarnpkg.com/multiaddr/-/multiaddr-7.5.0.tgz#976c88e256e512263445ab03b3b68c003d5f485e"
  integrity sha512-GvhHsIGDULh06jyb6ev+VfREH9evJCFIRnh3jUt9iEZ6XDbyoisZRFEI9bMvK/AiR6y66y6P+eoBw9mBYMhMvw==
  dependencies:
    buffer "^5.5.0"
    cids "~0.8.0"
    class-is "^1.1.0"
    is-ip "^3.1.0"
    multibase "^0.7.0"
    varint "^5.0.0"

multibase@^0.7.0:
  version "0.7.0"
  resolved "https://registry.yarnpkg.com/multibase/-/multibase-0.7.0.tgz#1adfc1c50abe05eefeb5091ac0c2728d6b84581b"
  integrity sha512-TW8q03O0f6PNFTQDvh3xxH03c8CjGaaYrjkl9UQPG6rz53TQzzxJVCIWVjzcbN/Q5Y53Zd0IBQBMVktVgNx4Fg==
  dependencies:
    base-x "^3.0.8"
    buffer "^5.5.0"

multibase@^1.0.0, multibase@^1.0.1:
  version "1.0.1"
  resolved "https://registry.yarnpkg.com/multibase/-/multibase-1.0.1.tgz#4adbe1de0be8a1ab0274328b653c3f1903476724"
  integrity sha512-KcCxpBVY8fdVKu4dJMAahq4F/2Z/9xqEjIiR7PiMe7LRGeorFn2NLmicN6nLBCqQvft6MG2Lc9X5P0IdyvnxEw==
  dependencies:
    base-x "^3.0.8"
    buffer "^5.5.0"

multibase@~0.6.0:
  version "0.6.1"
  resolved "https://registry.yarnpkg.com/multibase/-/multibase-0.6.1.tgz#b76df6298536cc17b9f6a6db53ec88f85f8cc12b"
  integrity sha512-pFfAwyTjbbQgNc3G7D48JkJxWtoJoBMaR4xQUOuB8RnCgRqaYmWNFeJTTvrJ2w51bjLq2zTby6Rqj9TQ9elSUw==
  dependencies:
    base-x "^3.0.8"
    buffer "^5.5.0"

multicodec@^1.0.0, multicodec@^1.0.1:
  version "1.0.4"
  resolved "https://registry.yarnpkg.com/multicodec/-/multicodec-1.0.4.tgz#46ac064657c40380c28367c90304d8ed175a714f"
  integrity sha512-NDd7FeS3QamVtbgfvu5h7fd1IlbaC4EQ0/pgU4zqE2vdHCmBGsUa0TiM8/TdSeG6BMPC92OOCf8F1ocE/Wkrrg==
  dependencies:
    buffer "^5.6.0"
    varint "^5.0.0"

multihashes@^0.4.14, multihashes@~0.4.13, multihashes@~0.4.15:
  version "0.4.21"
  resolved "https://registry.yarnpkg.com/multihashes/-/multihashes-0.4.21.tgz#dc02d525579f334a7909ade8a122dabb58ccfcb5"
  integrity sha512-uVSvmeCWf36pU2nB4/1kzYZjsXD9vofZKpgudqkceYY5g2aZZXJ5r9lxuzoRLl1OAp28XljXsEJ/X/85ZsKmKw==
  dependencies:
    buffer "^5.5.0"
    multibase "^0.7.0"
    varint "^5.0.0"

multihashes@^1.0.1:
  version "1.0.1"
  resolved "https://registry.yarnpkg.com/multihashes/-/multihashes-1.0.1.tgz#a89415d68283cf6287c6e219e304e75ce7fb73fe"
  integrity sha512-S27Tepg4i8atNiFaU5ZOm3+gl3KQlUanLs/jWcBxQHFttgq+5x1OgbQmf2d8axJ/48zYGBd/wT9d723USMFduw==
  dependencies:
    buffer "^5.6.0"
    multibase "^1.0.1"
    varint "^5.0.0"

multihashing-async@~0.8.0, multihashing-async@~0.8.1:
  version "0.8.2"
  resolved "https://registry.yarnpkg.com/multihashing-async/-/multihashing-async-0.8.2.tgz#3d5da05df27d83be923f6d04143a0954ff87f27f"
  integrity sha512-2lKa1autuCy8x7KIEj9aVNbAb3aIMRFYIwN7mq/zD4pxgNIVgGlm+f6GKY4880EOF2Y3GktHYssRy7TAJQ2DyQ==
  dependencies:
    blakejs "^1.1.0"
    buffer "^5.4.3"
    err-code "^2.0.0"
    js-sha3 "^0.8.0"
    multihashes "^1.0.1"
    murmurhash3js-revisited "^3.0.0"

murmurhash3js-revisited@^3.0.0:
  version "3.0.0"
  resolved "https://registry.yarnpkg.com/murmurhash3js-revisited/-/murmurhash3js-revisited-3.0.0.tgz#6bd36e25de8f73394222adc6e41fa3fac08a5869"
  integrity sha512-/sF3ee6zvScXMb1XFJ8gDsSnY+X8PbOyjIuBhtgis10W2Jx4ZjIhikUCIF9c4gpJxVnQIsPAFrSwTCuAjicP6g==

nanoid@^3.0.2, nanoid@^3.1.3:
  version "3.1.13"
  resolved "https://registry.yarnpkg.com/nanoid/-/nanoid-3.1.13.tgz#7f4f0729ab8a824291deb72b0d10cf357bc7563c"
  integrity sha512-oYL7jWZUdScASxYOrcwE8EvISFGzO3/1g+t56vCyR0s2nrpmBcOc7hTAFJaVf6HMyEPJrnNelnjRnMN6KZnCPA==

node-fetch@^2.6.0:
  version "2.6.1"
  resolved "https://registry.yarnpkg.com/node-fetch/-/node-fetch-2.6.1.tgz#045bd323631f76ed2e2b55573394416b639a0052"
  integrity sha512-V4aYg89jEoVRxRb2fJdAg8FHvI7cEyYdVAh94HH0UIK8oJxUfkjlDQN9RbMx+bEjP7+ggMiFRprSti032Oipxw==

p-defer@^3.0.0:
  version "3.0.0"
  resolved "https://registry.yarnpkg.com/p-defer/-/p-defer-3.0.0.tgz#d1dceb4ee9b2b604b1d94ffec83760175d4e6f83"
  integrity sha512-ugZxsxmtTln604yeYd29EGrNhazN2lywetzpKhfmQjW/VJmhpDmWbiX+h0zL8V91R0UXkhb3KtPmyq9PZw3aYw==

p-fifo@^1.0.0:
  version "1.0.0"
  resolved "https://registry.yarnpkg.com/p-fifo/-/p-fifo-1.0.0.tgz#e29d5cf17c239ba87f51dde98c1d26a9cfe20a63"
  integrity sha512-IjoCxXW48tqdtDFz6fqo5q1UfFVjjVZe8TC1QRflvNUJtNfCUhxOUw6MOVZhDPjqhSzc26xKdugsO17gmzd5+A==
  dependencies:
    fast-fifo "^1.0.0"
    p-defer "^3.0.0"

parse-duration@^0.1.2:
  version "0.1.3"
  resolved "https://registry.yarnpkg.com/parse-duration/-/parse-duration-0.1.3.tgz#c2c4d45d49513d544e129b2a5a07b9473545d19a"
  integrity sha512-hMOZHfUmjxO5hMKn7Eft+ckP2M4nV4yzauLXiw3PndpkASnx5r8pDAMcOAiqxoemqWjMWmz4fOHQM6n6WwETXw==

protocol-buffers-schema@^3.3.1:
  version "3.4.0"
  resolved "https://registry.yarnpkg.com/protocol-buffers-schema/-/protocol-buffers-schema-3.4.0.tgz#2f0ea31ca96627d680bf2fefae7ebfa2b6453eae"
  integrity sha512-G/2kcamPF2S49W5yaMGdIpkG6+5wZF0fzBteLKgEHjbNzqjZQ85aAs1iJGto31EJaSTkNvHs5IXuHSaTLWBAiA==

protons@^1.0.2:
  version "1.2.1"
  resolved "https://registry.yarnpkg.com/protons/-/protons-1.2.1.tgz#5f1e0db8b2139469cd1c3b4e332a4c2d95d0a218"
  integrity sha512-2oqDyc/SN+tNcJf8XxrXhYL7sQn2/OMl8mSdD7NVGsWjMEmAbks4eDVnCyf0vAoRbBWyWTEXWk4D8XfuKVl3zg==
  dependencies:
    buffer "^5.5.0"
    protocol-buffers-schema "^3.3.1"
    signed-varint "^2.0.1"
    varint "^5.0.0"

readable-stream@^3.4.0, readable-stream@^3.6.0:
  version "3.6.0"
  resolved "https://registry.yarnpkg.com/readable-stream/-/readable-stream-3.6.0.tgz#337bbda3adc0706bd3e024426a286d4b4b2c9198"
  integrity sha512-BViHy7LKeTz4oNnkcLJ+lVSL6vpiFeX6/d3oSH8zCW7UxP2onchk+vTGB143xuFjHS3deTgkKoXXymXqymiIdA==
  dependencies:
    inherits "^2.0.3"
    string_decoder "^1.1.1"
    util-deprecate "^1.0.1"

recursive-fs@^1.1.2:
  version "1.1.2"
  resolved "https://registry.yarnpkg.com/recursive-fs/-/recursive-fs-1.1.2.tgz#1d752e2f1a65d25fb6964109a9dbf83a335f90f0"
  integrity sha512-QPFEt5EwzwlHoqYsZc+NkUSyDTQf1Hvq7c/kpQJHi77OSCAiDXI3wfB0J04ZG+ekGHmv37mdR8MDPEshD3/RlQ==

safe-buffer@^5.0.1, safe-buffer@~5.2.0:
  version "5.2.1"
  resolved "https://registry.yarnpkg.com/safe-buffer/-/safe-buffer-5.2.1.tgz#1eaf9fa9bdb1fdd4ec75f58f9cdb4e6b7827eec6"
  integrity sha512-rp3So07KcdmmKbGvgaNxQSJr7bGVSVk5S9Eq1F+ppbRo70+YeaDxkw5Dd8NPN+GD6bjnYm2VuPuCXmpuYvmCXQ==

signed-varint@^2.0.1:
  version "2.0.1"
  resolved "https://registry.yarnpkg.com/signed-varint/-/signed-varint-2.0.1.tgz#50a9989da7c98c2c61dad119bc97470ef8528129"
  integrity sha1-UKmYnafJjCxh2tEZvJdHDvhSgSk=
  dependencies:
    varint "~5.0.0"

stable@^0.1.8:
  version "0.1.8"
  resolved "https://registry.yarnpkg.com/stable/-/stable-0.1.8.tgz#836eb3c8382fe2936feaf544631017ce7d47a3cf"
  integrity sha512-ji9qxRnOVfcuLDySj9qzhGSEFVobyt1kIOSkj1qZzYLzq7Tos/oUUWvotUPQLlrsidqsK6tBH89Bc9kL5zHA6w==

stream-to-it@^0.2.0:
  version "0.2.2"
  resolved "https://registry.yarnpkg.com/stream-to-it/-/stream-to-it-0.2.2.tgz#fb3de7917424c354a987c7bc2aab2d0facbd7d94"
  integrity sha512-waULBmQpVdr6TkDzci6t1P7dIaSZ0bHC1TaPXDUeJC5PpSK7U3T0H0Zeo/LWUnd6mnhXOmGGDKAkjUCHw5IOng==
  dependencies:
    get-iterator "^1.0.2"

string_decoder@^1.1.1:
  version "1.3.0"
  resolved "https://registry.yarnpkg.com/string_decoder/-/string_decoder-1.3.0.tgz#42f114594a46cf1a8e30b0a84f56c78c3edac21e"
  integrity sha512-hkRX8U1WjJFd8LsDJ2yQ/wWWxaopEsABU1XfkM8A+j0+85JAGppt16cr1Whg6KIbb4okU6Mql6BOj+uup/wKeA==
  dependencies:
    safe-buffer "~5.2.0"

universalify@^0.1.0:
  version "0.1.2"
  resolved "https://registry.yarnpkg.com/universalify/-/universalify-0.1.2.tgz#b646f69be3942dabcecc9d6639c80dc105efaa66"
  integrity sha512-rBJeI5CXAlmy1pV+617WB9J63U6XcazHHF2f2dbJix4XzpUF0RS3Zbj0FGIOCAva5P/d/GBOYaACQ1w+0azUkg==

universalify@^1.0.0:
  version "1.0.0"
  resolved "https://registry.yarnpkg.com/universalify/-/universalify-1.0.0.tgz#b61a1da173e8435b2fe3c67d29b9adf8594bd16d"
  integrity sha512-rb6X1W158d7pRQBg5gkR8uPaSfiids68LTJQYOtEUhoJUWBdaQHsuT/EUduxXYxcrt4r5PJ4fuHW1MHT6p0qug==

util-deprecate@^1.0.1:
  version "1.0.2"
  resolved "https://registry.yarnpkg.com/util-deprecate/-/util-deprecate-1.0.2.tgz#450d4dc9fa70de732762fbd2d4a28981419a0ccf"
  integrity sha1-RQ1Nyfpw3nMnYvvS1KKJgUGaDM8=

varint@^5.0.0, varint@~5.0.0:
  version "5.0.2"
  resolved "https://registry.yarnpkg.com/varint/-/varint-5.0.2.tgz#5b47f8a947eb668b848e034dcfa87d0ff8a7f7a4"
  integrity sha512-lKxKYG6H03yCZUpAGOPOsMcGxd1RHCu1iKvEHYDPmTyq2HueGhD73ssNBqqQWfvYs04G9iUFRvmAVLW20Jw6ow==
